
Microsoft Visual Studio Solution File, Format Version 12.00
# Visual Studio 15
VisualStudioVersion = 15.0.28307.779
MinimumVisualStudioVersion = 10.0.40219.1
Project("{8BC9CEB8-8B4A-11D0-8D11-00A0C91BC942}") = "Assignment 9", "Assignment 9\Assignment 9.vcxproj", "{F9A378F3-36EF-4583-B113-CD21B91EB8BF}"
EndProject
Global
	GlobalSection(SolutionConfigurationPlatforms) = preSolution
		Debug|x64 = Debug|x64
		Debug|x86 = Debug|x86
		Release|x64 = Release|x64
		Release|x86 = Release|x86
	EndGlobalSection
	GlobalSection(ProjectConfigurationPlatforms) = postSolution
		{F9A378F3-36EF-4583-B113-CD21B91EB8BF}.Debug|x64.ActiveCfg = Debug|x64
		{F9A378F3-36EF-4583-B113-CD21B91EB8BF}.Debug|x64.Build.0 = Debug|x64
		{F9A378F3-36EF-4583-B113-CD21B91EB8BF}.Debug|x86.ActiveCfg = Debug|Win32
		{F9A378F3-36EF-4583-B113-CD21B91EB8BF}.Debug|x86.Build.0 = Debug|Win32
		{F9A378F3-36EF-4583-B113-CD21B91EB8BF}.Release|x64.ActiveCfg = Release|x64
		{F9A378F3-36EF-4583-B113-CD21B91EB8BF}.Release|x64.Build.0 = Release|x64
		{F9A378F3-36EF-4583-B113-CD21B91EB8BF}.Release|x86.ActiveCfg = Release|Win32
		{F9A378F3-36EF-4583-B113-CD21B91EB8BF}.Release|x86.Build.0 = Release|Win32
	EndGlobalSection
	GlobalSection(SolutionProperties) = preSolution
		HideSolutionNode = FALSE
	EndGlobalSection
	GlobalSection(ExtensibilityGlobals) = postSolution
		SolutionGuid = {962A1C50-92E7-4073-861B-56CECDE54FFC}
	EndGlobalSection
EndGlobal
