
Microsoft Visual Studio Solution File, Format Version 12.00
# Visual Studio 15
VisualStudioVersion = 15.0.28307.779
MinimumVisualStudioVersion = 10.0.40219.1
Project("{FAE04EC0-301F-11D3-BF4B-00C04F79EFBC}") = "CSHAssignment9", "CSHAssignment9\CSHAssignment9.csproj", "{D5B39473-D96D-487F-871A-435429605B43}"
EndProject
Global
	GlobalSection(SolutionConfigurationPlatforms) = preSolution
		Debug|Any CPU = Debug|Any CPU
		Release|Any CPU = Release|Any CPU
	EndGlobalSection
	GlobalSection(ProjectConfigurationPlatforms) = postSolution
		{D5B39473-D96D-487F-871A-435429605B43}.Debug|Any CPU.ActiveCfg = Debug|Any CPU
		{D5B39473-D96D-487F-871A-435429605B43}.Debug|Any CPU.Build.0 = Debug|Any CPU
		{D5B39473-D96D-487F-871A-435429605B43}.Release|Any CPU.ActiveCfg = Release|Any CPU
		{D5B39473-D96D-487F-871A-435429605B43}.Release|Any CPU.Build.0 = Release|Any CPU
	EndGlobalSection
	GlobalSection(SolutionProperties) = preSolution
		HideSolutionNode = FALSE
	EndGlobalSection
	GlobalSection(ExtensibilityGlobals) = postSolution
		SolutionGuid = {8D189E2C-8720-4D8E-A13E-DC224ACC9223}
	EndGlobalSection
EndGlobal
