
Microsoft Visual Studio Solution File, Format Version 12.00
# Visual Studio 15
VisualStudioVersion = 15.0.28307.779
MinimumVisualStudioVersion = 10.0.40219.1
Project("{8BC9CEB8-8B4A-11D0-8D11-00A0C91BC942}") = "Assignment 17", "Assignment 17\Assignment 17.vcxproj", "{CEDA80A0-2A56-40A2-BC8D-2D81D82B37DC}"
EndProject
Global
	GlobalSection(SolutionConfigurationPlatforms) = preSolution
		Debug|x64 = Debug|x64
		Debug|x86 = Debug|x86
		Release|x64 = Release|x64
		Release|x86 = Release|x86
	EndGlobalSection
	GlobalSection(ProjectConfigurationPlatforms) = postSolution
		{CEDA80A0-2A56-40A2-BC8D-2D81D82B37DC}.Debug|x64.ActiveCfg = Debug|x64
		{CEDA80A0-2A56-40A2-BC8D-2D81D82B37DC}.Debug|x64.Build.0 = Debug|x64
		{CEDA80A0-2A56-40A2-BC8D-2D81D82B37DC}.Debug|x86.ActiveCfg = Debug|Win32
		{CEDA80A0-2A56-40A2-BC8D-2D81D82B37DC}.Debug|x86.Build.0 = Debug|Win32
		{CEDA80A0-2A56-40A2-BC8D-2D81D82B37DC}.Release|x64.ActiveCfg = Release|x64
		{CEDA80A0-2A56-40A2-BC8D-2D81D82B37DC}.Release|x64.Build.0 = Release|x64
		{CEDA80A0-2A56-40A2-BC8D-2D81D82B37DC}.Release|x86.ActiveCfg = Release|Win32
		{CEDA80A0-2A56-40A2-BC8D-2D81D82B37DC}.Release|x86.Build.0 = Release|Win32
	EndGlobalSection
	GlobalSection(SolutionProperties) = preSolution
		HideSolutionNode = FALSE
	EndGlobalSection
	GlobalSection(ExtensibilityGlobals) = postSolution
		SolutionGuid = {87187823-FB8B-4424-A66F-8E237D0FB772}
	EndGlobalSection
EndGlobal
