
Microsoft Visual Studio Solution File, Format Version 12.00
# Visual Studio 15
VisualStudioVersion = 15.0.28307.779
MinimumVisualStudioVersion = 10.0.40219.1
Project("{8BC9CEB8-8B4A-11D0-8D11-00A0C91BC942}") = "Assignment13", "Assignment13\Assignment13.vcxproj", "{8D073B36-3414-4B4C-A5D5-7C33D342265B}"
EndProject
Global
	GlobalSection(SolutionConfigurationPlatforms) = preSolution
		Debug|x64 = Debug|x64
		Debug|x86 = Debug|x86
		Release|x64 = Release|x64
		Release|x86 = Release|x86
	EndGlobalSection
	GlobalSection(ProjectConfigurationPlatforms) = postSolution
		{8D073B36-3414-4B4C-A5D5-7C33D342265B}.Debug|x64.ActiveCfg = Debug|x64
		{8D073B36-3414-4B4C-A5D5-7C33D342265B}.Debug|x64.Build.0 = Debug|x64
		{8D073B36-3414-4B4C-A5D5-7C33D342265B}.Debug|x86.ActiveCfg = Debug|Win32
		{8D073B36-3414-4B4C-A5D5-7C33D342265B}.Debug|x86.Build.0 = Debug|Win32
		{8D073B36-3414-4B4C-A5D5-7C33D342265B}.Release|x64.ActiveCfg = Release|x64
		{8D073B36-3414-4B4C-A5D5-7C33D342265B}.Release|x64.Build.0 = Release|x64
		{8D073B36-3414-4B4C-A5D5-7C33D342265B}.Release|x86.ActiveCfg = Release|Win32
		{8D073B36-3414-4B4C-A5D5-7C33D342265B}.Release|x86.Build.0 = Release|Win32
	EndGlobalSection
	GlobalSection(SolutionProperties) = preSolution
		HideSolutionNode = FALSE
	EndGlobalSection
	GlobalSection(ExtensibilityGlobals) = postSolution
		SolutionGuid = {50F5C622-3660-4836-9AED-CDCB39C91376}
	EndGlobalSection
EndGlobal
