
Microsoft Visual Studio Solution File, Format Version 12.00
# Visual Studio 15
VisualStudioVersion = 15.0.28307.779
MinimumVisualStudioVersion = 10.0.40219.1
Project("{FAE04EC0-301F-11D3-BF4B-00C04F79EFBC}") = "CSharpAssignment4", "CSharpAssignment4\CSharpAssignment4.csproj", "{410106E8-8D2D-43DB-AC28-EDB9C16319EB}"
EndProject
Global
	GlobalSection(SolutionConfigurationPlatforms) = preSolution
		Debug|Any CPU = Debug|Any CPU
		Release|Any CPU = Release|Any CPU
	EndGlobalSection
	GlobalSection(ProjectConfigurationPlatforms) = postSolution
		{410106E8-8D2D-43DB-AC28-EDB9C16319EB}.Debug|Any CPU.ActiveCfg = Debug|Any CPU
		{410106E8-8D2D-43DB-AC28-EDB9C16319EB}.Debug|Any CPU.Build.0 = Debug|Any CPU
		{410106E8-8D2D-43DB-AC28-EDB9C16319EB}.Release|Any CPU.ActiveCfg = Release|Any CPU
		{410106E8-8D2D-43DB-AC28-EDB9C16319EB}.Release|Any CPU.Build.0 = Release|Any CPU
	EndGlobalSection
	GlobalSection(SolutionProperties) = preSolution
		HideSolutionNode = FALSE
	EndGlobalSection
	GlobalSection(ExtensibilityGlobals) = postSolution
		SolutionGuid = {76526515-A708-4EEF-B27F-5C1ADE94F122}
	EndGlobalSection
EndGlobal
