
Microsoft Visual Studio Solution File, Format Version 12.00
# Visual Studio 15
VisualStudioVersion = 15.0.28307.779
MinimumVisualStudioVersion = 10.0.40219.1
Project("{FAE04EC0-301F-11D3-BF4B-00C04F79EFBC}") = "CSharpAssignment6_1", "CSharpAssignment6_1\CSharpAssignment6_1.csproj", "{4230B203-97CA-4315-A55A-2CAC8782188B}"
EndProject
Global
	GlobalSection(SolutionConfigurationPlatforms) = preSolution
		Debug|Any CPU = Debug|Any CPU
		Release|Any CPU = Release|Any CPU
	EndGlobalSection
	GlobalSection(ProjectConfigurationPlatforms) = postSolution
		{4230B203-97CA-4315-A55A-2CAC8782188B}.Debug|Any CPU.ActiveCfg = Debug|Any CPU
		{4230B203-97CA-4315-A55A-2CAC8782188B}.Debug|Any CPU.Build.0 = Debug|Any CPU
		{4230B203-97CA-4315-A55A-2CAC8782188B}.Release|Any CPU.ActiveCfg = Release|Any CPU
		{4230B203-97CA-4315-A55A-2CAC8782188B}.Release|Any CPU.Build.0 = Release|Any CPU
	EndGlobalSection
	GlobalSection(SolutionProperties) = preSolution
		HideSolutionNode = FALSE
	EndGlobalSection
	GlobalSection(ExtensibilityGlobals) = postSolution
		SolutionGuid = {1ADEC0E0-AC47-4F21-9E6D-AABD809CED99}
	EndGlobalSection
EndGlobal
