
Microsoft Visual Studio Solution File, Format Version 12.00
# Visual Studio 15
VisualStudioVersion = 15.0.28307.779
MinimumVisualStudioVersion = 10.0.40219.1
Project("{8BC9CEB8-8B4A-11D0-8D11-00A0C91BC942}") = "Assignment 8", "Assignment 8\Assignment 8.vcxproj", "{49980DB9-D908-414A-899F-F2207E2D8638}"
EndProject
Global
	GlobalSection(SolutionConfigurationPlatforms) = preSolution
		Debug|x64 = Debug|x64
		Debug|x86 = Debug|x86
		Release|x64 = Release|x64
		Release|x86 = Release|x86
	EndGlobalSection
	GlobalSection(ProjectConfigurationPlatforms) = postSolution
		{49980DB9-D908-414A-899F-F2207E2D8638}.Debug|x64.ActiveCfg = Debug|x64
		{49980DB9-D908-414A-899F-F2207E2D8638}.Debug|x64.Build.0 = Debug|x64
		{49980DB9-D908-414A-899F-F2207E2D8638}.Debug|x86.ActiveCfg = Debug|Win32
		{49980DB9-D908-414A-899F-F2207E2D8638}.Debug|x86.Build.0 = Debug|Win32
		{49980DB9-D908-414A-899F-F2207E2D8638}.Release|x64.ActiveCfg = Release|x64
		{49980DB9-D908-414A-899F-F2207E2D8638}.Release|x64.Build.0 = Release|x64
		{49980DB9-D908-414A-899F-F2207E2D8638}.Release|x86.ActiveCfg = Release|Win32
		{49980DB9-D908-414A-899F-F2207E2D8638}.Release|x86.Build.0 = Release|Win32
	EndGlobalSection
	GlobalSection(SolutionProperties) = preSolution
		HideSolutionNode = FALSE
	EndGlobalSection
	GlobalSection(ExtensibilityGlobals) = postSolution
		SolutionGuid = {2889540F-B3A8-4C11-9FD9-FAFC24411180}
	EndGlobalSection
EndGlobal
